// !$*UTF8*$!
{
	archiveVersion = 1;
	classes = {
	};
	objectVersion = 48;
	objects = {

/* Begin PBXBuildFile section */
		C7156D8D1F9FE8DD00F67F15 /* RegisterViewController.swift in Sources */ = {isa = PBXBuildFile; fileRef = C7156D8C1F9FE8DD00F67F15 /* RegisterViewController.swift */; };
		C77CF0A91F9FE447001C78AD /* LoginViewController.swift in Sources */ = {isa = PBXBuildFile; fileRef = C77CF0A81F9FE447001C78AD /* LoginViewController.swift */; };
		C77CF0AA1F9FE4D6001C78AD /* Main.storyboard in Resources */ = {isa = PBXBuildFile; fileRef = C78293E81F901668004730B1 /* Main.storyboard */; };
		C78293E51F901668004730B1 /* AppDelegate.swift in Sources */ = {isa = PBXBuildFile; fileRef = C78293E41F901668004730B1 /* AppDelegate.swift */; };
		C78293EC1F901668004730B1 /* Assets.xcassets in Resources */ = {isa = PBXBuildFile; fileRef = C78293EB1F901668004730B1 /* Assets.xcassets */; };
		C78293EF1F901668004730B1 /* LaunchScreen.storyboard in Resources */ = {isa = PBXBuildFile; fileRef = C78293ED1F901668004730B1 /* LaunchScreen.storyboard */; };
		C78293F71F901A39004730B1 /* GoogleService-Info.plist in Resources */ = {isa = PBXBuildFile; fileRef = C78293F61F901A2F004730B1 /* GoogleService-Info.plist */; };
		F18840283F6CE98BB43E697D /* Pods_Fakegram.framework in Frameworks */ = {isa = PBXBuildFile; fileRef = 1910C68A083CE3063660F325 /* Pods_Fakegram.framework */; };
/* End PBXBuildFile section */

/* Begin PBXFileReference section */
		1910C68A083CE3063660F325 /* Pods_Fakegram.framework */ = {isa = PBXFileReference; explicitFileType = wrapper.framework; includeInIndex = 0; path = Pods_Fakegram.framework; sourceTree = BUILT_PRODUCTS_DIR; };
		549EE5B975AA6F549D45BBDA /* Pods-Fakegram.debug.xcconfig */ = {isa = PBXFileReference; includeInIndex = 1; lastKnownFileType = text.xcconfig; name = "Pods-Fakegram.debug.xcconfig"; path = "Pods/Target Support Files/Pods-Fakegram/Pods-Fakegram.debug.xcconfig"; sourceTree = "<group>"; };
		AA7452889464C1AE31E05866 /* Pods-Fakegram.release.xcconfig */ = {isa = PBXFileReference; includeInIndex = 1; lastKnownFileType = text.xcconfig; name = "Pods-Fakegram.release.xcconfig"; path = "Pods/Target Support Files/Pods-Fakegram/Pods-Fakegram.release.xcconfig"; sourceTree = "<group>"; };
		C7156D8C1F9FE8DD00F67F15 /* RegisterViewController.swift */ = {isa = PBXFileReference; lastKnownFileType = sourcecode.swift; path = RegisterViewController.swift; sourceTree = "<group>"; };
		C77CF0A81F9FE447001C78AD /* LoginViewController.swift */ = {isa = PBXFileReference; lastKnownFileType = sourcecode.swift; path = LoginViewController.swift; sourceTree = "<group>"; };
		C78293E11F901668004730B1 /* Fakegram.app */ = {isa = PBXFileReference; explicitFileType = wrapper.application; includeInIndex = 0; path = Fakegram.app; sourceTree = BUILT_PRODUCTS_DIR; };
		C78293E41F901668004730B1 /* AppDelegate.swift */ = {isa = PBXFileReference; lastKnownFileType = sourcecode.swift; path = AppDelegate.swift; sourceTree = "<group>"; };
		C78293E91F901668004730B1 /* Base */ = {isa = PBXFileReference; lastKnownFileType = file.storyboard; name = Base; path = Base.lproj/Main.storyboard; sourceTree = "<group>"; };
		C78293EB1F901668004730B1 /* Assets.xcassets */ = {isa = PBXFileReference; lastKnownFileType = folder.assetcatalog; path = Assets.xcassets; sourceTree = "<group>"; };
		C78293EE1F901668004730B1 /* Base */ = {isa = PBXFileReference; lastKnownFileType = file.storyboard; name = Base; path = Base.lproj/LaunchScreen.storyboard; sourceTree = "<group>"; };
		C78293F01F901668004730B1 /* Info.plist */ = {isa = PBXFileReference; lastKnownFileType = text.plist.xml; path = Info.plist; sourceTree = "<group>"; };
		C78293F61F901A2F004730B1 /* GoogleService-Info.plist */ = {isa = PBXFileReference; lastKnownFileType = text.plist.xml; path = "GoogleService-Info.plist"; sourceTree = "<group>"; };
/* End PBXFileReference section */

/* Begin PBXFrameworksBuildPhase section */
		C78293DE1F901668004730B1 /* Frameworks */ = {
			isa = PBXFrameworksBuildPhase;
			buildActionMask = 2147483647;
			files = (
				F18840283F6CE98BB43E697D /* Pods_Fakegram.framework in Frameworks */,
			);
			runOnlyForDeploymentPostprocessing = 0;
		};
/* End PBXFrameworksBuildPhase section */

/* Begin PBXGroup section */
		04C7962D4C74DE954C2986B6 /* Frameworks */ = {
			isa = PBXGroup;
			children = (
				1910C68A083CE3063660F325 /* Pods_Fakegram.framework */,
			);
			name = Frameworks;
			sourceTree = "<group>";
		};
		7825DAE0E5A8A915B4194356 /* Pods */ = {
			isa = PBXGroup;
			children = (
				549EE5B975AA6F549D45BBDA /* Pods-Fakegram.debug.xcconfig */,
				AA7452889464C1AE31E05866 /* Pods-Fakegram.release.xcconfig */,
			);
			name = Pods;
			sourceTree = "<group>";
		};
		C78293D81F901668004730B1 = {
			isa = PBXGroup;
			children = (
				C78293E31F901668004730B1 /* Fakegram */,
				C78293E21F901668004730B1 /* Products */,
				7825DAE0E5A8A915B4194356 /* Pods */,
				04C7962D4C74DE954C2986B6 /* Frameworks */,
			);
			sourceTree = "<group>";
		};
		C78293E21F901668004730B1 /* Products */ = {
			isa = PBXGroup;
			children = (
				C78293E11F901668004730B1 /* Fakegram.app */,
			);
			name = Products;
			sourceTree = "<group>";
		};
		C78293E31F901668004730B1 /* Fakegram */ = {
			isa = PBXGroup;
			children = (
				C78293E41F901668004730B1 /* AppDelegate.swift */,
				C78293F61F901A2F004730B1 /* GoogleService-Info.plist */,
				C78293E81F901668004730B1 /* Main.storyboard */,
				C78293EB1F901668004730B1 /* Assets.xcassets */,
				C78293ED1F901668004730B1 /* LaunchScreen.storyboard */,
				C78293F01F901668004730B1 /* Info.plist */,
				C77CF0A81F9FE447001C78AD /* LoginViewController.swift */,
				C7156D8C1F9FE8DD00F67F15 /* RegisterViewController.swift */,
			);
			path = Fakegram;
			sourceTree = "<group>";
		};
/* End PBXGroup section */

/* Begin PBXNativeTarget section */
		C78293E01F901668004730B1 /* Fakegram */ = {
			isa = PBXNativeTarget;
			buildConfigurationList = C78293F31F901668004730B1 /* Build configuration list for PBXNativeTarget "Fakegram" */;
			buildPhases = (
				80EEAFE30014064E0F888829 /* [CP] Check Pods Manifest.lock */,
				C78293DD1F901668004730B1 /* Sources */,
				C78293DE1F901668004730B1 /* Frameworks */,
				C78293DF1F901668004730B1 /* Resources */,
				835596F3C350CC82C1178D4E /* [CP] Embed Pods Frameworks */,
				68E9EF9DEB02EEDC848BDC87 /* [CP] Copy Pods Resources */,
			);
			buildRules = (
			);
			dependencies = (
			);
			name = Fakegram;
			productName = Fakegram;
			productReference = C78293E11F901668004730B1 /* Fakegram.app */;
			productType = "com.apple.product-type.application";
		};
/* End PBXNativeTarget section */

/* Begin PBXProject section */
		C78293D91F901668004730B1 /* Project object */ = {
			isa = PBXProject;
			attributes = {
				LastSwiftUpdateCheck = 0900;
				LastUpgradeCheck = 0900;
				ORGANIZATIONNAME = "Siraj Zaneer";
				TargetAttributes = {
					C78293E01F901668004730B1 = {
						CreatedOnToolsVersion = 9.0;
						ProvisioningStyle = Automatic;
					};
				};
			};
			buildConfigurationList = C78293DC1F901668004730B1 /* Build configuration list for PBXProject "Fakegram" */;
			compatibilityVersion = "Xcode 8.0";
			developmentRegion = en;
			hasScannedForEncodings = 0;
			knownRegions = (
				en,
				Base,
			);
			mainGroup = C78293D81F901668004730B1;
			productRefGroup = C78293E21F901668004730B1 /* Products */;
			projectDirPath = "";
			projectRoot = "";
			targets = (
				C78293E01F901668004730B1 /* Fakegram */,
			);
		};
/* End PBXProject section */

/* Begin PBXResourcesBuildPhase section */
		C78293DF1F901668004730B1 /* Resources */ = {
			isa = PBXResourcesBuildPhase;
			buildActionMask = 2147483647;
			files = (
				C78293EF1F901668004730B1 /* LaunchScreen.storyboard in Resources */,
				C78293EC1F901668004730B1 /* Assets.xcassets in Resources */,
				C78293F71F901A39004730B1 /* GoogleService-Info.plist in Resources */,
				C77CF0AA1F9FE4D6001C78AD /* Main.storyboard in Resources */,
			);
			runOnlyForDeploymentPostprocessing = 0;
		};
/* End PBXResourcesBuildPhase section */

/* Begin PBXShellScriptBuildPhase section */
		68E9EF9DEB02EEDC848BDC87 /* [CP] Copy Pods Resources */ = {
			isa = PBXShellScriptBuildPhase;
			buildActionMask = 2147483647;
			files = (
			);
			inputPaths = (
			);
			name = "[CP] Copy Pods Resources";
			outputPaths = (
			);
			runOnlyForDeploymentPostprocessing = 0;
			shellPath = /bin/sh;
			shellScript = "\"${SRCROOT}/Pods/Target Support Files/Pods-Fakegram/Pods-Fakegram-resources.sh\"\n";
			showEnvVarsInLog = 0;
		};
		80EEAFE30014064E0F888829 /* [CP] Check Pods Manifest.lock */ = {
			isa = PBXShellScriptBuildPhase;
			buildActionMask = 2147483647;
			files = (
			);
			inputPaths = (
				"${PODS_PODFILE_DIR_PATH}/Podfile.lock",
				"${PODS_ROOT}/Manifest.lock",
			);
			name = "[CP] Check Pods Manifest.lock";
			outputPaths = (
				"$(DERIVED_FILE_DIR)/Pods-Fakegram-checkManifestLockResult.txt",
			);
			runOnlyForDeploymentPostprocessing = 0;
			shellPath = /bin/sh;
			shellScript = "diff \"${PODS_PODFILE_DIR_PATH}/Podfile.lock\" \"${PODS_ROOT}/Manifest.lock\" > /dev/null\nif [ $? != 0 ] ; then\n    # print error to STDERR\n    echo \"error: The sandbox is not in sync with the Podfile.lock. Run 'pod install' or update your CocoaPods installation.\" >&2\n    exit 1\nfi\n# This output is used by Xcode 'outputs' to avoid re-running this script phase.\necho \"SUCCESS\" > \"${SCRIPT_OUTPUT_FILE_0}\"\n";
			showEnvVarsInLog = 0;
		};
		835596F3C350CC82C1178D4E /* [CP] Embed Pods Frameworks */ = {
			isa = PBXShellScriptBuildPhase;
			buildActionMask = 2147483647;
			files = (
			);
			inputPaths = (
				"${SRCROOT}/Pods/Target Support Files/Pods-Fakegram/Pods-Fakegram-frameworks.sh",
				"${BUILT_PRODUCTS_DIR}/BoringSSL/openssl.framework",
				"${BUILT_PRODUCTS_DIR}/GTMSessionFetcher/GTMSessionFetcher.framework",
				"${BUILT_PRODUCTS_DIR}/GoogleToolboxForMac/GoogleToolboxForMac.framework",
				"${BUILT_PRODUCTS_DIR}/Protobuf/Protobuf.framework",
				"${BUILT_PRODUCTS_DIR}/gRPC/GRPCClient.framework",
				"${BUILT_PRODUCTS_DIR}/gRPC-Core/grpc.framework",
				"${BUILT_PRODUCTS_DIR}/gRPC-ProtoRPC/ProtoRPC.framework",
				"${BUILT_PRODUCTS_DIR}/gRPC-RxLibrary/RxLibrary.framework",
				"${BUILT_PRODUCTS_DIR}/leveldb-library/leveldb.framework",
				"${BUILT_PRODUCTS_DIR}/nanopb/nanopb.framework",
			);
			name = "[CP] Embed Pods Frameworks";
			outputPaths = (
				"${TARGET_BUILD_DIR}/${FRAMEWORKS_FOLDER_PATH}/openssl.framework",
				"${TARGET_BUILD_DIR}/${FRAMEWORKS_FOLDER_PATH}/GTMSessionFetcher.framework",
				"${TARGET_BUILD_DIR}/${FRAMEWORKS_FOLDER_PATH}/GoogleToolboxForMac.framework",
				"${TARGET_BUILD_DIR}/${FRAMEWORKS_FOLDER_PATH}/Protobuf.framework",
				"${TARGET_BUILD_DIR}/${FRAMEWORKS_FOLDER_PATH}/GRPCClient.framework",
				"${TARGET_BUILD_DIR}/${FRAMEWORKS_FOLDER_PATH}/grpc.framework",
				"${TARGET_BUILD_DIR}/${FRAMEWORKS_FOLDER_PATH}/ProtoRPC.framework",
				"${TARGET_BUILD_DIR}/${FRAMEWORKS_FOLDER_PATH}/RxLibrary.framework",
				"${TARGET_BUILD_DIR}/${FRAMEWORKS_FOLDER_PATH}/leveldb.framework",
				"${TARGET_BUILD_DIR}/${FRAMEWORKS_FOLDER_PATH}/nanopb.framework",
			);
			runOnlyForDeploymentPostprocessing = 0;
			shellPath = /bin/sh;
			shellScript = "\"${SRCROOT}/Pods/Target Support Files/Pods-Fakegram/Pods-Fakegram-frameworks.sh\"\n";
			showEnvVarsInLog = 0;
		};
/* End PBXShellScriptBuildPhase section */

/* Begin PBXSourcesBuildPhase section */
		C78293DD1F901668004730B1 /* Sources */ = {
			isa = PBXSourcesBuildPhase;
			buildActionMask = 2147483647;
			files = (
				C7156D8D1F9FE8DD00F67F15 /* RegisterViewController.swift in Sources */,
				C77CF0A91F9FE447001C78AD /* LoginViewController.swift in Sources */,
				C78293E51F901668004730B1 /* AppDelegate.swift in Sources */,
			);
			runOnlyForDeploymentPostprocessing = 0;
		};
/* End PBXSourcesBuildPhase section */

/* Begin PBXVariantGroup section */
		C78293E81F901668004730B1 /* Main.storyboard */ = {
			isa = PBXVariantGroup;
			children = (
				C78293E91F901668004730B1 /* Base */,
			);
			name = Main.storyboard;
			sourceTree = "<group>";
		};
		C78293ED1F901668004730B1 /* LaunchScreen.storyboard */ = {
			isa = PBXVariantGroup;
			children = (
				C78293EE1F901668004730B1 /* Base */,
			);
			name = LaunchScreen.storyboard;
			sourceTree = "<group>";
		};
/* End PBXVariantGroup section */

/* Begin XCBuildConfiguration section */
		C78293F11F901668004730B1 /* Debug */ = {
			isa = XCBuildConfiguration;
			buildSettings = {
				ALWAYS_SEARCH_USER_PATHS = NO;
				CLANG_ANALYZER_NONNULL = YES;
				CLANG_ANALYZER_NUMBER_OBJECT_CONVERSION = YES_AGGRESSIVE;
				CLANG_CXX_LANGUAGE_STANDARD = "gnu++14";
				CLANG_CXX_LIBRARY = "libc++";
				CLANG_ENABLE_MODULES = YES;
				CLANG_ENABLE_OBJC_ARC = YES;
				CLANG_WARN_BLOCK_CAPTURE_AUTORELEASING = YES;
				CLANG_WARN_BOOL_CONVERSION = YES;
				CLANG_WARN_COMMA = YES;
				CLANG_WARN_CONSTANT_CONVERSION = YES;
				CLANG_WARN_DIRECT_OBJC_ISA_USAGE = YES_ERROR;
				CLANG_WARN_DOCUMENTATION_COMMENTS = YES;
				CLANG_WARN_EMPTY_BODY = YES;
				CLANG_WARN_ENUM_CONVERSION = YES;
				CLANG_WARN_INFINITE_RECURSION = YES;
				CLANG_WARN_INT_CONVERSION = YES;
				CLANG_WARN_NON_LITERAL_NULL_CONVERSION = YES;
				CLANG_WARN_OBJC_LITERAL_CONVERSION = YES;
				CLANG_WARN_OBJC_ROOT_CLASS = YES_ERROR;
				CLANG_WARN_RANGE_LOOP_ANALYSIS = YES;
				CLANG_WARN_STRICT_PROTOTYPES = YES;
				CLANG_WARN_SUSPICIOUS_MOVE = YES;
				CLANG_WARN_UNGUARDED_AVAILABILITY = YES_AGGRESSIVE;
				CLANG_WARN_UNREACHABLE_CODE = YES;
				CLANG_WARN__DUPLICATE_METHOD_MATCH = YES;
				CODE_SIGN_IDENTITY = "iPhone Developer";
				COPY_PHASE_STRIP = NO;
				DEBUG_INFORMATION_FORMAT = dwarf;
				ENABLE_STRICT_OBJC_MSGSEND = YES;
				ENABLE_TESTABILITY = YES;
				GCC_C_LANGUAGE_STANDARD = gnu11;
				GCC_DYNAMIC_NO_PIC = NO;
				GCC_NO_COMMON_BLOCKS = YES;
				GCC_OPTIMIZATION_LEVEL = 0;
				GCC_PREPROCESSOR_DEFINITIONS = (
					"DEBUG=1",
					"$(inherited)",
				);
				GCC_WARN_64_TO_32_BIT_CONVERSION = YES;
				GCC_WARN_ABOUT_RETURN_TYPE = YES_ERROR;
				GCC_WARN_UNDECLARED_SELECTOR = YES;
				GCC_WARN_UNINITIALIZED_AUTOS = YES_AGGRESSIVE;
				GCC_WARN_UNUSED_FUNCTION = YES;
				GCC_WARN_UNUSED_VARIABLE = YES;
				IPHONEOS_DEPLOYMENT_TARGET = 11.0;
				MTL_ENABLE_DEBUG_INFO = YES;
				ONLY_ACTIVE_ARCH = YES;
				SDKROOT = iphoneos;
				SWIFT_ACTIVE_COMPILATION_CONDITIONS = DEBUG;
				SWIFT_OPTIMIZATION_LEVEL = "-Onone";
			};
			name = Debug;
		};
		C78293F21F901668004730B1 /* Release */ = {
			isa = XCBuildConfiguration;
			buildSettings = {
				ALWAYS_SEARCH_USER_PATHS = NO;
				CLANG_ANALYZER_NONNULL = YES;
				CLANG_ANALYZER_NUMBER_OBJECT_CONVERSION = YES_AGGRESSIVE;
				CLANG_CXX_LANGUAGE_STANDARD = "gnu++14";
				CLANG_CXX_LIBRARY = "libc++";
				CLANG_ENABLE_MODULES = YES;
				CLANG_ENABLE_OBJC_ARC = YES;
				CLANG_WARN_BLOCK_CAPTURE_AUTORELEASING = YES;
				CLANG_WARN_BOOL_CONVERSION = YES;
				CLANG_WARN_COMMA = YES;
				CLANG_WARN_CONSTANT_CONVERSION = YES;
				CLANG_WARN_DIRECT_OBJC_ISA_USAGE = YES_ERROR;
				CLANG_WARN_DOCUMENTATION_COMMENTS = YES;
				CLANG_WARN_EMPTY_BODY = YES;
				CLANG_WARN_ENUM_CONVERSION = YES;
				CLANG_WARN_INFINITE_RECURSION = YES;
				CLANG_WARN_INT_CONVERSION = YES;
				CLANG_WARN_NON_LITERAL_NULL_CONVERSION = YES;
				CLANG_WARN_OBJC_LITERAL_CONVERSION = YES;
				CLANG_WARN_OBJC_ROOT_CLASS = YES_ERROR;
				CLANG_WARN_RANGE_LOOP_ANALYSIS = YES;
				CLANG_WARN_STRICT_PROTOTYPES = YES;
				CLANG_WARN_SUSPICIOUS_MOVE = YES;
				CLANG_WARN_UNGUARDED_AVAILABILITY = YES_AGGRESSIVE;
				CLANG_WARN_UNREACHABLE_CODE = YES;
				CLANG_WARN__DUPLICATE_METHOD_MATCH = YES;
				CODE_SIGN_IDENTITY = "iPhone Developer";
				COPY_PHASE_STRIP = NO;
				DEBUG_INFORMATION_FORMAT = "dwarf-with-dsym";
				ENABLE_NS_ASSERTIONS = NO;
				ENABLE_STRICT_OBJC_MSGSEND = YES;
				GCC_C_LANGUAGE_STANDARD = gnu11;
				GCC_NO_COMMON_BLOCKS = YES;
				GCC_WARN_64_TO_32_BIT_CONVERSION = YES;
				GCC_WARN_ABOUT_RETURN_TYPE = YES_ERROR;
				GCC_WARN_UNDECLARED_SELECTOR = YES;
				GCC_WARN_UNINITIALIZED_AUTOS = YES_AGGRESSIVE;
				GCC_WARN_UNUSED_FUNCTION = YES;
				GCC_WARN_UNUSED_VARIABLE = YES;
				IPHONEOS_DEPLOYMENT_TARGET = 11.0;
				MTL_ENABLE_DEBUG_INFO = NO;
				SDKROOT = iphoneos;
				SWIFT_OPTIMIZATION_LEVEL = "-Owholemodule";
				VALIDATE_PRODUCT = YES;
			};
			name = Release;
		};
		C78293F41F901668004730B1 /* Debug */ = {
			isa = XCBuildConfiguration;
			baseConfigurationReference = 549EE5B975AA6F549D45BBDA /* Pods-Fakegram.debug.xcconfig */;
			buildSettings = {
				ASSETCATALOG_COMPILER_APPICON_NAME = AppIcon;
				CODE_SIGN_STYLE = Automatic;
				DEVELOPMENT_TEAM = 3YC9K4952Y;
				INFOPLIST_FILE = Fakegram/Info.plist;
				LD_RUNPATH_SEARCH_PATHS = "$(inherited) @executable_path/Frameworks";
				PRODUCT_BUNDLE_IDENTIFIER = com.sirajzaneer.Fakegram;
				PRODUCT_NAME = "$(TARGET_NAME)";
				SWIFT_VERSION = 4.0;
				TARGETED_DEVICE_FAMILY = "1,2";
			};
			name = Debug;
		};
		C78293F51F901668004730B1 /* Release */ = {
			isa = XCBuildConfiguration;
			baseConfigurationReference = AA7452889464C1AE31E05866 /* Pods-Fakegram.release.xcconfig */;
			buildSettings = {
				ASSETCATALOG_COMPILER_APPICON_NAME = AppIcon;
				CODE_SIGN_STYLE = Automatic;
				DEVELOPMENT_TEAM = 3YC9K4952Y;
				INFOPLIST_FILE = Fakegram/Info.plist;
				LD_RUNPATH_SEARCH_PATHS = "$(inherited) @executable_path/Frameworks";
				PRODUCT_BUNDLE_IDENTIFIER = com.sirajzaneer.Fakegram;
				PRODUCT_NAME = "$(TARGET_NAME)";
				SWIFT_VERSION = 4.0;
				TARGETED_DEVICE_FAMILY = "1,2";
			};
			name = Release;
		};
/* End XCBuildConfiguration section */

/* Begin XCConfigurationList section */
		C78293DC1F901668004730B1 /* Build configuration list for PBXProject "Fakegram" */ = {
			isa = XCConfigurationList;
			buildConfigurations = (
				C78293F11F901668004730B1 /* Debug */,
				C78293F21F901668004730B1 /* Release */,
			);
			defaultConfigurationIsVisible = 0;
			defaultConfigurationName = Release;
		};
		C78293F31F901668004730B1 /* Build configuration list for PBXNativeTarget "Fakegram" */ = {
			isa = XCConfigurationList;
			buildConfigurations = (
				C78293F41F901668004730B1 /* Debug */,
				C78293F51F901668004730B1 /* Release */,
			);
			defaultConfigurationIsVisible = 0;
			defaultConfigurationName = Release;
		};
/* End XCConfigurationList section */
	};
	rootObject = C78293D91F901668004730B1 /* Project object */;
}
